// !$*UTF8*$!
{
	archiveVersion = 1;
	classes = {
	};
	objectVersion = 46;
	objects = {

/* Begin PBXBuildFile section */
		1801F50F1D54299000C24326 /* kpFraction+comparison.m in Sources */ = {isa = PBXBuildFile; fileRef = 1801F50E1D54299000C24326 /* kpFraction+comparison.m */; };
		18495D671D4EF4800011E967 /* kpFraction+mathOps.m in Sources */ = {isa = PBXBuildFile; fileRef = 18495D661D4EF4800011E967 /* kpFraction+mathOps.m */; };
		187E3AC41D5E1496008BA3D1 /* kpFraction+Trig.m in Sources */ = {isa = PBXBuildFile; fileRef = 187E3AC31D5E1496008BA3D1 /* kpFraction+Trig.m */; };
		20BB83BD1D18772600F016D2 /* main.m in Sources */ = {isa = PBXBuildFile; fileRef = 20BB83BC1D18772600F016D2 /* main.m */; };
		20F054081D2CB65A00BEC58D /* kpComplex.m in Sources */ = {isa = PBXBuildFile; fileRef = 20F054071D2CB65A00BEC58D /* kpComplex.m */; };
		20F0540B1D2CF3FC00BEC58D /* kpFraction.m in Sources */ = {isa = PBXBuildFile; fileRef = 20F0540A1D2CF3FC00BEC58D /* kpFraction.m */; };
		20F0542D1D3671B700BEC58D /* kpXYPoints.m in Sources */ = {isa = PBXBuildFile; fileRef = 20F0542C1D3671B700BEC58D /* kpXYPoints.m */; };
/* End PBXBuildFile section */

/* Begin PBXCopyFilesBuildPhase section */
		20BB83B71D18772600F016D2 /* CopyFiles */ = {
			isa = PBXCopyFilesBuildPhase;
			buildActionMask = 2147483647;
			dstPath = /usr/share/man/man1/;
			dstSubfolderSpec = 0;
			files = (
			);
			runOnlyForDeploymentPostprocessing = 1;
		};
/* End PBXCopyFilesBuildPhase section */

/* Begin PBXFileReference section */
		1801F50D1D54299000C24326 /* kpFraction+comparison.h */ = {isa = PBXFileReference; fileEncoding = 4; lastKnownFileType = sourcecode.c.h; path = "kpFraction+comparison.h"; sourceTree = "<group>"; };
		1801F50E1D54299000C24326 /* kpFraction+comparison.m */ = {isa = PBXFileReference; fileEncoding = 4; lastKnownFileType = sourcecode.c.objc; path = "kpFraction+comparison.m"; sourceTree = "<group>"; };
		182DB7F41D5D6DC000F915EC /* mathStuff.h */ = {isa = PBXFileReference; fileEncoding = 4; lastKnownFileType = sourcecode.c.h; name = mathStuff.h; path = kpComplex/mathStuff.h; sourceTree = "<group>"; };
		18495D651D4EF4800011E967 /* kpFraction+mathOps.h */ = {isa = PBXFileReference; fileEncoding = 4; lastKnownFileType = sourcecode.c.h; path = "kpFraction+mathOps.h"; sourceTree = "<group>"; };
		18495D661D4EF4800011E967 /* kpFraction+mathOps.m */ = {isa = PBXFileReference; fileEncoding = 4; lastKnownFileType = sourcecode.c.objc; path = "kpFraction+mathOps.m"; sourceTree = "<group>"; };
		187E3AC21D5E1496008BA3D1 /* kpFraction+Trig.h */ = {isa = PBXFileReference; fileEncoding = 4; lastKnownFileType = sourcecode.c.h; path = "kpFraction+Trig.h"; sourceTree = "<group>"; };
		187E3AC31D5E1496008BA3D1 /* kpFraction+Trig.m */ = {isa = PBXFileReference; fileEncoding = 4; lastKnownFileType = sourcecode.c.objc; path = "kpFraction+Trig.m"; sourceTree = "<group>"; };
		20BB83B91D18772600F016D2 /* kpComplex */ = {isa = PBXFileReference; explicitFileType = "compiled.mach-o.executable"; includeInIndex = 0; path = kpComplex; sourceTree = BUILT_PRODUCTS_DIR; };
		20BB83BC1D18772600F016D2 /* main.m */ = {isa = PBXFileReference; lastKnownFileType = sourcecode.c.objc; path = main.m; sourceTree = "<group>"; };
		20F054061D2CB65A00BEC58D /* kpComplex.h */ = {isa = PBXFileReference; fileEncoding = 4; lastKnownFileType = sourcecode.c.h; path = kpComplex.h; sourceTree = "<group>"; };
		20F054071D2CB65A00BEC58D /* kpComplex.m */ = {isa = PBXFileReference; fileEncoding = 4; lastKnownFileType = sourcecode.c.objc; path = kpComplex.m; sourceTree = "<group>"; };
		20F054091D2CF3FC00BEC58D /* kpFraction.h */ = {isa = PBXFileReference; fileEncoding = 4; lastKnownFileType = sourcecode.c.h; path = kpFraction.h; sourceTree = "<group>"; };
		20F0540A1D2CF3FC00BEC58D /* kpFraction.m */ = {isa = PBXFileReference; fileEncoding = 4; lastKnownFileType = sourcecode.c.objc; path = kpFraction.m; sourceTree = "<group>"; };
		20F0542B1D3671B700BEC58D /* kpXYPoints.h */ = {isa = PBXFileReference; fileEncoding = 4; lastKnownFileType = sourcecode.c.h; path = kpXYPoints.h; sourceTree = "<group>"; };
		20F0542C1D3671B700BEC58D /* kpXYPoints.m */ = {isa = PBXFileReference; fileEncoding = 4; lastKnownFileType = sourcecode.c.objc; path = kpXYPoints.m; sourceTree = "<group>"; };
/* End PBXFileReference section */

/* Begin PBXFrameworksBuildPhase section */
		20BB83B61D18772600F016D2 /* Frameworks */ = {
			isa = PBXFrameworksBuildPhase;
			buildActionMask = 2147483647;
			files = (
			);
			runOnlyForDeploymentPostprocessing = 0;
		};
/* End PBXFrameworksBuildPhase section */

/* Begin PBXGroup section */
		181FE0241D47A588009F89D7 /* categories */ = {
			isa = PBXGroup;
			children = (
				18495D651D4EF4800011E967 /* kpFraction+mathOps.h */,
				18495D661D4EF4800011E967 /* kpFraction+mathOps.m */,
				1801F50D1D54299000C24326 /* kpFraction+comparison.h */,
				1801F50E1D54299000C24326 /* kpFraction+comparison.m */,
				187E3AC21D5E1496008BA3D1 /* kpFraction+Trig.h */,
				187E3AC31D5E1496008BA3D1 /* kpFraction+Trig.m */,
			);
			name = categories;
			sourceTree = "<group>";
		};
		182DB7F81D5D7CF200F915EC /* classes */ = {
			isa = PBXGroup;
			children = (
				20F0542B1D3671B700BEC58D /* kpXYPoints.h */,
				20F0542C1D3671B700BEC58D /* kpXYPoints.m */,
				20F054091D2CF3FC00BEC58D /* kpFraction.h */,
				20F0540A1D2CF3FC00BEC58D /* kpFraction.m */,
				20F054061D2CB65A00BEC58D /* kpComplex.h */,
				20F054071D2CB65A00BEC58D /* kpComplex.m */,
			);
			name = classes;
			sourceTree = "<group>";
		};
		187E3AC51D5E155A008BA3D1 /* protocol */ = {
			isa = PBXGroup;
			children = (
				182DB7F41D5D6DC000F915EC /* mathStuff.h */,
			);
			name = protocol;
			path = ..;
			sourceTree = "<group>";
		};
		20BB83B01D18772600F016D2 = {
			isa = PBXGroup;
			children = (
				20BB83BB1D18772600F016D2 /* kpComplex */,
				20BB83BA1D18772600F016D2 /* Products */,
			);
			sourceTree = "<group>";
		};
		20BB83BA1D18772600F016D2 /* Products */ = {
			isa = PBXGroup;
			children = (
				20BB83B91D18772600F016D2 /* kpComplex */,
			);
			name = Products;
			sourceTree = "<group>";
		};
		20BB83BB1D18772600F016D2 /* kpComplex */ = {
			isa = PBXGroup;
			children = (
				187E3AC51D5E155A008BA3D1 /* protocol */,
				182DB7F81D5D7CF200F915EC /* classes */,
				181FE0241D47A588009F89D7 /* categories */,
				20BB83BC1D18772600F016D2 /* main.m */,
			);
			path = kpComplex;
			sourceTree = "<group>";
		};
/* End PBXGroup section */

/* Begin PBXNativeTarget section */
		20BB83B81D18772600F016D2 /* kpComplex */ = {
			isa = PBXNativeTarget;
			buildConfigurationList = 20BB83C01D18772600F016D2 /* Build configuration list for PBXNativeTarget "kpComplex" */;
			buildPhases = (
				20BB83B51D18772600F016D2 /* Sources */,
				20BB83B61D18772600F016D2 /* Frameworks */,
				20BB83B71D18772600F016D2 /* CopyFiles */,
			);
			buildRules = (
			);
			dependencies = (
			);
			name = kpComplex;
			productName = kpComplex;
			productReference = 20BB83B91D18772600F016D2 /* kpComplex */;
			productType = "com.apple.product-type.tool";
		};
/* End PBXNativeTarget section */

/* Begin PBXProject section */
		20BB83B11D18772600F016D2 /* Project object */ = {
			isa = PBXProject;
			attributes = {
				LastUpgradeCheck = 0730;
				ORGANIZATIONNAME = StepwiseDesigns;
				TargetAttributes = {
					20BB83B81D18772600F016D2 = {
						CreatedOnToolsVersion = 7.3;
					};
				};
			};
			buildConfigurationList = 20BB83B41D18772600F016D2 /* Build configuration list for PBXProject "kpComplex" */;
			compatibilityVersion = "Xcode 3.2";
			developmentRegion = English;
			hasScannedForEncodings = 0;
			knownRegions = (
				en,
			);
			mainGroup = 20BB83B01D18772600F016D2;
			productRefGroup = 20BB83BA1D18772600F016D2 /* Products */;
			projectDirPath = "";
			projectRoot = "";
			targets = (
				20BB83B81D18772600F016D2 /* kpComplex */,
			);
		};
/* End PBXProject section */

/* Begin PBXSourcesBuildPhase section */
		20BB83B51D18772600F016D2 /* Sources */ = {
			isa = PBXSourcesBuildPhase;
			buildActionMask = 2147483647;
			files = (
				20F0542D1D3671B700BEC58D /* kpXYPoints.m in Sources */,
				1801F50F1D54299000C24326 /* kpFraction+comparison.m in Sources */,
				20F0540B1D2CF3FC00BEC58D /* kpFraction.m in Sources */,
				20BB83BD1D18772600F016D2 /* main.m in Sources */,
				20F054081D2CB65A00BEC58D /* kpComplex.m in Sources */,
				18495D671D4EF4800011E967 /* kpFraction+mathOps.m in Sources */,
				187E3AC41D5E1496008BA3D1 /* kpFraction+Trig.m in Sources */,
			);
			runOnlyForDeploymentPostprocessing = 0;
		};
/* End PBXSourcesBuildPhase section */

/* Begin XCBuildConfiguration section */
		20BB83BE1D18772600F016D2 /* Debug */ = {
			isa = XCBuildConfiguration;
			buildSettings = {
				ALWAYS_SEARCH_USER_PATHS = NO;
				CLANG_ANALYZER_NONNULL = YES;
				CLANG_CXX_LANGUAGE_STANDARD = "gnu++0x";
				CLANG_CXX_LIBRARY = "libc++";
				CLANG_ENABLE_MODULES = YES;
				CLANG_ENABLE_OBJC_ARC = YES;
				CLANG_WARN_BOOL_CONVERSION = YES;
				CLANG_WARN_CONSTANT_CONVERSION = YES;
				CLANG_WARN_DIRECT_OBJC_ISA_USAGE = YES_ERROR;
				CLANG_WARN_EMPTY_BODY = YES;
				CLANG_WARN_ENUM_CONVERSION = YES;
				CLANG_WARN_INT_CONVERSION = YES;
				CLANG_WARN_OBJC_ROOT_CLASS = YES_ERROR;
				CLANG_WARN_UNREACHABLE_CODE = YES;
				CLANG_WARN__DUPLICATE_METHOD_MATCH = YES;
				CODE_SIGN_IDENTITY = "-";
				COPY_PHASE_STRIP = NO;
				DEBUG_INFORMATION_FORMAT = dwarf;
				ENABLE_STRICT_OBJC_MSGSEND = YES;
				ENABLE_TESTABILITY = YES;
				GCC_C_LANGUAGE_STANDARD = gnu99;
				GCC_DYNAMIC_NO_PIC = NO;
				GCC_NO_COMMON_BLOCKS = YES;
				GCC_OPTIMIZATION_LEVEL = 0;
				GCC_PREPROCESSOR_DEFINITIONS = (
					"DEBUG=1",
					"$(inherited)",
				);
				GCC_WARN_64_TO_32_BIT_CONVERSION = YES;
				GCC_WARN_ABOUT_RETURN_TYPE = YES_ERROR;
				GCC_WARN_UNDECLARED_SELECTOR = YES;
				GCC_WARN_UNINITIALIZED_AUTOS = YES_AGGRESSIVE;
				GCC_WARN_UNUSED_FUNCTION = YES;
				GCC_WARN_UNUSED_VARIABLE = YES;
				MACOSX_DEPLOYMENT_TARGET = 10.11;
				MTL_ENABLE_DEBUG_INFO = YES;
				ONLY_ACTIVE_ARCH = YES;
				SDKROOT = macosx;
			};
			name = Debug;
		};
		20BB83BF1D18772600F016D2 /* Release */ = {
			isa = XCBuildConfiguration;
			buildSettings = {
				ALWAYS_SEARCH_USER_PATHS = NO;
				CLANG_ANALYZER_NONNULL = YES;
				CLANG_CXX_LANGUAGE_STANDARD = "gnu++0x";
				CLANG_CXX_LIBRARY = "libc++";
				CLANG_ENABLE_MODULES = YES;
				CLANG_ENABLE_OBJC_ARC = YES;
				CLANG_WARN_BOOL_CONVERSION = YES;
				CLANG_WARN_CONSTANT_CONVERSION = YES;
				CLANG_WARN_DIRECT_OBJC_ISA_USAGE = YES_ERROR;
				CLANG_WARN_EMPTY_BODY = YES;
				CLANG_WARN_ENUM_CONVERSION = YES;
				CLANG_WARN_INT_CONVERSION = YES;
				CLANG_WARN_OBJC_ROOT_CLASS = YES_ERROR;
				CLANG_WARN_UNREACHABLE_CODE = YES;
				CLANG_WARN__DUPLICATE_METHOD_MATCH = YES;
				CODE_SIGN_IDENTITY = "-";
				COPY_PHASE_STRIP = NO;
				DEBUG_INFORMATION_FORMAT = "dwarf-with-dsym";
				ENABLE_NS_ASSERTIONS = NO;
				ENABLE_STRICT_OBJC_MSGSEND = YES;
				GCC_C_LANGUAGE_STANDARD = gnu99;
				GCC_NO_COMMON_BLOCKS = YES;
				GCC_WARN_64_TO_32_BIT_CONVERSION = YES;
				GCC_WARN_ABOUT_RETURN_TYPE = YES_ERROR;
				GCC_WARN_UNDECLARED_SELECTOR = YES;
				GCC_WARN_UNINITIALIZED_AUTOS = YES_AGGRESSIVE;
				GCC_WARN_UNUSED_FUNCTION = YES;
				GCC_WARN_UNUSED_VARIABLE = YES;
				MACOSX_DEPLOYMENT_TARGET = 10.11;
				MTL_ENABLE_DEBUG_INFO = NO;
				SDKROOT = macosx;
			};
			name = Release;
		};
		20BB83C11D18772600F016D2 /* Debug */ = {
			isa = XCBuildConfiguration;
			buildSettings = {
				PRODUCT_NAME = "$(TARGET_NAME)";
			};
			name = Debug;
		};
		20BB83C21D18772600F016D2 /* Release */ = {
			isa = XCBuildConfiguration;
			buildSettings = {
				PRODUCT_NAME = "$(TARGET_NAME)";
			};
			name = Release;
		};
/* End XCBuildConfiguration section */

/* Begin XCConfigurationList section */
		20BB83B41D18772600F016D2 /* Build configuration list for PBXProject "kpComplex" */ = {
			isa = XCConfigurationList;
			buildConfigurations = (
				20BB83BE1D18772600F016D2 /* Debug */,
				20BB83BF1D18772600F016D2 /* Release */,
			);
			defaultConfigurationIsVisible = 0;
			defaultConfigurationName = Release;
		};
		20BB83C01D18772600F016D2 /* Build configuration list for PBXNativeTarget "kpComplex" */ = {
			isa = XCConfigurationList;
			buildConfigurations = (
				20BB83C11D18772600F016D2 /* Debug */,
				20BB83C21D18772600F016D2 /* Release */,
			);
			defaultConfigurationIsVisible = 0;
			defaultConfigurationName = Release;
		};
/* End XCConfigurationList section */
	};
	rootObject = 20BB83B11D18772600F016D2 /* Project object */;
}
