// !$*UTF8*$!
{
	archiveVersion = 1;
	classes = {
	};
	objectVersion = 46;
	objects = {

/* Begin PBXBuildFile section */
		1810904E1C684F0B00836807 /* kpTask.m in Sources */ = {isa = PBXBuildFile; fileRef = 1810904D1C684F0B00836807 /* kpTask.m */; };
		181090511C6855BE00836807 /* kpTaskListTableVC.m in Sources */ = {isa = PBXBuildFile; fileRef = 181090501C6855BE00836807 /* kpTaskListTableVC.m */; };
		188BAA731C67C7F900BCB652 /* main.m in Sources */ = {isa = PBXBuildFile; fileRef = 188BAA721C67C7F900BCB652 /* main.m */; };
		188BAA761C67C7F900BCB652 /* AppDelegate.m in Sources */ = {isa = PBXBuildFile; fileRef = 188BAA751C67C7F900BCB652 /* AppDelegate.m */; };
		188BAA791C67C7F900BCB652 /* ViewController.m in Sources */ = {isa = PBXBuildFile; fileRef = 188BAA781C67C7F900BCB652 /* ViewController.m */; };
		188BAA7C1C67C7F900BCB652 /* Main.storyboard in Resources */ = {isa = PBXBuildFile; fileRef = 188BAA7A1C67C7F900BCB652 /* Main.storyboard */; };
		188BAA7E1C67C7F900BCB652 /* Assets.xcassets in Resources */ = {isa = PBXBuildFile; fileRef = 188BAA7D1C67C7F900BCB652 /* Assets.xcassets */; };
		188BAA811C67C7F900BCB652 /* LaunchScreen.storyboard in Resources */ = {isa = PBXBuildFile; fileRef = 188BAA7F1C67C7F900BCB652 /* LaunchScreen.storyboard */; };
		188BAA8C1C67C7F900BCB652 /* kpThingsToDoTests.m in Sources */ = {isa = PBXBuildFile; fileRef = 188BAA8B1C67C7F900BCB652 /* kpThingsToDoTests.m */; };
		188BAA971C67C7F900BCB652 /* kpThingsToDoUITests.m in Sources */ = {isa = PBXBuildFile; fileRef = 188BAA961C67C7F900BCB652 /* kpThingsToDoUITests.m */; };
/* End PBXBuildFile section */

/* Begin PBXContainerItemProxy section */
		188BAA881C67C7F900BCB652 /* PBXContainerItemProxy */ = {
			isa = PBXContainerItemProxy;
			containerPortal = 188BAA661C67C7F900BCB652 /* Project object */;
			proxyType = 1;
			remoteGlobalIDString = 188BAA6D1C67C7F900BCB652;
			remoteInfo = kpThingsToDo;
		};
		188BAA931C67C7F900BCB652 /* PBXContainerItemProxy */ = {
			isa = PBXContainerItemProxy;
			containerPortal = 188BAA661C67C7F900BCB652 /* Project object */;
			proxyType = 1;
			remoteGlobalIDString = 188BAA6D1C67C7F900BCB652;
			remoteInfo = kpThingsToDo;
		};
/* End PBXContainerItemProxy section */

/* Begin PBXFileReference section */
		1810904C1C684F0B00836807 /* kpTask.h */ = {isa = PBXFileReference; fileEncoding = 4; lastKnownFileType = sourcecode.c.h; path = kpTask.h; sourceTree = "<group>"; };
		1810904D1C684F0B00836807 /* kpTask.m */ = {isa = PBXFileReference; fileEncoding = 4; lastKnownFileType = sourcecode.c.objc; path = kpTask.m; sourceTree = "<group>"; };
		1810904F1C6855BE00836807 /* kpTaskListTableVC.h */ = {isa = PBXFileReference; fileEncoding = 4; lastKnownFileType = sourcecode.c.h; path = kpTaskListTableVC.h; sourceTree = "<group>"; };
		181090501C6855BE00836807 /* kpTaskListTableVC.m */ = {isa = PBXFileReference; fileEncoding = 4; lastKnownFileType = sourcecode.c.objc; path = kpTaskListTableVC.m; sourceTree = "<group>"; };
		188BAA6E1C67C7F900BCB652 /* kpThingsToDo.app */ = {isa = PBXFileReference; explicitFileType = wrapper.application; includeInIndex = 0; path = kpThingsToDo.app; sourceTree = BUILT_PRODUCTS_DIR; };
		188BAA721C67C7F900BCB652 /* main.m */ = {isa = PBXFileReference; lastKnownFileType = sourcecode.c.objc; path = main.m; sourceTree = "<group>"; };
		188BAA741C67C7F900BCB652 /* AppDelegate.h */ = {isa = PBXFileReference; lastKnownFileType = sourcecode.c.h; path = AppDelegate.h; sourceTree = "<group>"; };
		188BAA751C67C7F900BCB652 /* AppDelegate.m */ = {isa = PBXFileReference; lastKnownFileType = sourcecode.c.objc; path = AppDelegate.m; sourceTree = "<group>"; };
		188BAA771C67C7F900BCB652 /* ViewController.h */ = {isa = PBXFileReference; lastKnownFileType = sourcecode.c.h; path = ViewController.h; sourceTree = "<group>"; };
		188BAA781C67C7F900BCB652 /* ViewController.m */ = {isa = PBXFileReference; lastKnownFileType = sourcecode.c.objc; path = ViewController.m; sourceTree = "<group>"; };
		188BAA7B1C67C7F900BCB652 /* Base */ = {isa = PBXFileReference; lastKnownFileType = file.storyboard; name = Base; path = Base.lproj/Main.storyboard; sourceTree = "<group>"; };
		188BAA7D1C67C7F900BCB652 /* Assets.xcassets */ = {isa = PBXFileReference; lastKnownFileType = folder.assetcatalog; path = Assets.xcassets; sourceTree = "<group>"; };
		188BAA801C67C7F900BCB652 /* Base */ = {isa = PBXFileReference; lastKnownFileType = file.storyboard; name = Base; path = Base.lproj/LaunchScreen.storyboard; sourceTree = "<group>"; };
		188BAA821C67C7F900BCB652 /* Info.plist */ = {isa = PBXFileReference; lastKnownFileType = text.plist.xml; path = Info.plist; sourceTree = "<group>"; };
		188BAA871C67C7F900BCB652 /* kpThingsToDoTests.xctest */ = {isa = PBXFileReference; explicitFileType = wrapper.cfbundle; includeInIndex = 0; path = kpThingsToDoTests.xctest; sourceTree = BUILT_PRODUCTS_DIR; };
		188BAA8B1C67C7F900BCB652 /* kpThingsToDoTests.m */ = {isa = PBXFileReference; lastKnownFileType = sourcecode.c.objc; path = kpThingsToDoTests.m; sourceTree = "<group>"; };
		188BAA8D1C67C7F900BCB652 /* Info.plist */ = {isa = PBXFileReference; lastKnownFileType = text.plist.xml; path = Info.plist; sourceTree = "<group>"; };
		188BAA921C67C7F900BCB652 /* kpThingsToDoUITests.xctest */ = {isa = PBXFileReference; explicitFileType = wrapper.cfbundle; includeInIndex = 0; path = kpThingsToDoUITests.xctest; sourceTree = BUILT_PRODUCTS_DIR; };
		188BAA961C67C7F900BCB652 /* kpThingsToDoUITests.m */ = {isa = PBXFileReference; lastKnownFileType = sourcecode.c.objc; path = kpThingsToDoUITests.m; sourceTree = "<group>"; };
		188BAA981C67C7F900BCB652 /* Info.plist */ = {isa = PBXFileReference; lastKnownFileType = text.plist.xml; path = Info.plist; sourceTree = "<group>"; };
/* End PBXFileReference section */

/* Begin PBXFrameworksBuildPhase section */
		188BAA6B1C67C7F900BCB652 /* Frameworks */ = {
			isa = PBXFrameworksBuildPhase;
			buildActionMask = 2147483647;
			files = (
			);
			runOnlyForDeploymentPostprocessing = 0;
		};
		188BAA841C67C7F900BCB652 /* Frameworks */ = {
			isa = PBXFrameworksBuildPhase;
			buildActionMask = 2147483647;
			files = (
			);
			runOnlyForDeploymentPostprocessing = 0;
		};
		188BAA8F1C67C7F900BCB652 /* Frameworks */ = {
			isa = PBXFrameworksBuildPhase;
			buildActionMask = 2147483647;
			files = (
			);
			runOnlyForDeploymentPostprocessing = 0;
		};
/* End PBXFrameworksBuildPhase section */

/* Begin PBXGroup section */
		188BAA651C67C7F900BCB652 = {
			isa = PBXGroup;
			children = (
				188BAA701C67C7F900BCB652 /* kpThingsToDo */,
				188BAA8A1C67C7F900BCB652 /* kpThingsToDoTests */,
				188BAA951C67C7F900BCB652 /* kpThingsToDoUITests */,
				188BAA6F1C67C7F900BCB652 /* Products */,
			);
			sourceTree = "<group>";
		};
		188BAA6F1C67C7F900BCB652 /* Products */ = {
			isa = PBXGroup;
			children = (
				188BAA6E1C67C7F900BCB652 /* kpThingsToDo.app */,
				188BAA871C67C7F900BCB652 /* kpThingsToDoTests.xctest */,
				188BAA921C67C7F900BCB652 /* kpThingsToDoUITests.xctest */,
			);
			name = Products;
			sourceTree = "<group>";
		};
		188BAA701C67C7F900BCB652 /* kpThingsToDo */ = {
			isa = PBXGroup;
			children = (
				188BAA741C67C7F900BCB652 /* AppDelegate.h */,
				188BAA751C67C7F900BCB652 /* AppDelegate.m */,
				188BAA771C67C7F900BCB652 /* ViewController.h */,
				188BAA781C67C7F900BCB652 /* ViewController.m */,
				1810904C1C684F0B00836807 /* kpTask.h */,
				1810904F1C6855BE00836807 /* kpTaskListTableVC.h */,
				181090501C6855BE00836807 /* kpTaskListTableVC.m */,
				1810904D1C684F0B00836807 /* kpTask.m */,
				188BAA7A1C67C7F900BCB652 /* Main.storyboard */,
				188BAA7D1C67C7F900BCB652 /* Assets.xcassets */,
				188BAA7F1C67C7F900BCB652 /* LaunchScreen.storyboard */,
				188BAA821C67C7F900BCB652 /* Info.plist */,
				188BAA711C67C7F900BCB652 /* Supporting Files */,
			);
			path = kpThingsToDo;
			sourceTree = "<group>";
		};
		188BAA711C67C7F900BCB652 /* Supporting Files */ = {
			isa = PBXGroup;
			children = (
				188BAA721C67C7F900BCB652 /* main.m */,
			);
			name = "Supporting Files";
			sourceTree = "<group>";
		};
		188BAA8A1C67C7F900BCB652 /* kpThingsToDoTests */ = {
			isa = PBXGroup;
			children = (
				188BAA8B1C67C7F900BCB652 /* kpThingsToDoTests.m */,
				188BAA8D1C67C7F900BCB652 /* Info.plist */,
			);
			path = kpThingsToDoTests;
			sourceTree = "<group>";
		};
		188BAA951C67C7F900BCB652 /* kpThingsToDoUITests */ = {
			isa = PBXGroup;
			children = (
				188BAA961C67C7F900BCB652 /* kpThingsToDoUITests.m */,
				188BAA981C67C7F900BCB652 /* Info.plist */,
			);
			path = kpThingsToDoUITests;
			sourceTree = "<group>";
		};
/* End PBXGroup section */

/* Begin PBXNativeTarget section */
		188BAA6D1C67C7F900BCB652 /* kpThingsToDo */ = {
			isa = PBXNativeTarget;
			buildConfigurationList = 188BAA9B1C67C7F900BCB652 /* Build configuration list for PBXNativeTarget "kpThingsToDo" */;
			buildPhases = (
				188BAA6A1C67C7F900BCB652 /* Sources */,
				188BAA6B1C67C7F900BCB652 /* Frameworks */,
				188BAA6C1C67C7F900BCB652 /* Resources */,
			);
			buildRules = (
			);
			dependencies = (
			);
			name = kpThingsToDo;
			productName = kpThingsToDo;
			productReference = 188BAA6E1C67C7F900BCB652 /* kpThingsToDo.app */;
			productType = "com.apple.product-type.application";
		};
		188BAA861C67C7F900BCB652 /* kpThingsToDoTests */ = {
			isa = PBXNativeTarget;
			buildConfigurationList = 188BAA9E1C67C7F900BCB652 /* Build configuration list for PBXNativeTarget "kpThingsToDoTests" */;
			buildPhases = (
				188BAA831C67C7F900BCB652 /* Sources */,
				188BAA841C67C7F900BCB652 /* Frameworks */,
				188BAA851C67C7F900BCB652 /* Resources */,
			);
			buildRules = (
			);
			dependencies = (
				188BAA891C67C7F900BCB652 /* PBXTargetDependency */,
			);
			name = kpThingsToDoTests;
			productName = kpThingsToDoTests;
			productReference = 188BAA871C67C7F900BCB652 /* kpThingsToDoTests.xctest */;
			productType = "com.apple.product-type.bundle.unit-test";
		};
		188BAA911C67C7F900BCB652 /* kpThingsToDoUITests */ = {
			isa = PBXNativeTarget;
			buildConfigurationList = 188BAAA11C67C7F900BCB652 /* Build configuration list for PBXNativeTarget "kpThingsToDoUITests" */;
			buildPhases = (
				188BAA8E1C67C7F900BCB652 /* Sources */,
				188BAA8F1C67C7F900BCB652 /* Frameworks */,
				188BAA901C67C7F900BCB652 /* Resources */,
			);
			buildRules = (
			);
			dependencies = (
				188BAA941C67C7F900BCB652 /* PBXTargetDependency */,
			);
			name = kpThingsToDoUITests;
			productName = kpThingsToDoUITests;
			productReference = 188BAA921C67C7F900BCB652 /* kpThingsToDoUITests.xctest */;
			productType = "com.apple.product-type.bundle.ui-testing";
		};
/* End PBXNativeTarget section */

/* Begin PBXProject section */
		188BAA661C67C7F900BCB652 /* Project object */ = {
			isa = PBXProject;
			attributes = {
				LastUpgradeCheck = 0710;
				ORGANIZATIONNAME = StepWiseDesigns;
				TargetAttributes = {
					188BAA6D1C67C7F900BCB652 = {
						CreatedOnToolsVersion = 7.1.1;
					};
					188BAA861C67C7F900BCB652 = {
						CreatedOnToolsVersion = 7.1.1;
						TestTargetID = 188BAA6D1C67C7F900BCB652;
					};
					188BAA911C67C7F900BCB652 = {
						CreatedOnToolsVersion = 7.1.1;
						TestTargetID = 188BAA6D1C67C7F900BCB652;
					};
				};
			};
			buildConfigurationList = 188BAA691C67C7F900BCB652 /* Build configuration list for PBXProject "kpThingsToDo" */;
			compatibilityVersion = "Xcode 3.2";
			developmentRegion = English;
			hasScannedForEncodings = 0;
			knownRegions = (
				en,
				Base,
			);
			mainGroup = 188BAA651C67C7F900BCB652;
			productRefGroup = 188BAA6F1C67C7F900BCB652 /* Products */;
			projectDirPath = "";
			projectRoot = "";
			targets = (
				188BAA6D1C67C7F900BCB652 /* kpThingsToDo */,
				188BAA861C67C7F900BCB652 /* kpThingsToDoTests */,
				188BAA911C67C7F900BCB652 /* kpThingsToDoUITests */,
			);
		};
/* End PBXProject section */

/* Begin PBXResourcesBuildPhase section */
		188BAA6C1C67C7F900BCB652 /* Resources */ = {
			isa = PBXResourcesBuildPhase;
			buildActionMask = 2147483647;
			files = (
				188BAA811C67C7F900BCB652 /* LaunchScreen.storyboard in Resources */,
				188BAA7E1C67C7F900BCB652 /* Assets.xcassets in Resources */,
				188BAA7C1C67C7F900BCB652 /* Main.storyboard in Resources */,
			);
			runOnlyForDeploymentPostprocessing = 0;
		};
		188BAA851C67C7F900BCB652 /* Resources */ = {
			isa = PBXResourcesBuildPhase;
			buildActionMask = 2147483647;
			files = (
			);
			runOnlyForDeploymentPostprocessing = 0;
		};
		188BAA901C67C7F900BCB652 /* Resources */ = {
			isa = PBXResourcesBuildPhase;
			buildActionMask = 2147483647;
			files = (
			);
			runOnlyForDeploymentPostprocessing = 0;
		};
/* End PBXResourcesBuildPhase section */

/* Begin PBXSourcesBuildPhase section */
		188BAA6A1C67C7F900BCB652 /* Sources */ = {
			isa = PBXSourcesBuildPhase;
			buildActionMask = 2147483647;
			files = (
				188BAA791C67C7F900BCB652 /* ViewController.m in Sources */,
				1810904E1C684F0B00836807 /* kpTask.m in Sources */,
				188BAA761C67C7F900BCB652 /* AppDelegate.m in Sources */,
				188BAA731C67C7F900BCB652 /* main.m in Sources */,
				181090511C6855BE00836807 /* kpTaskListTableVC.m in Sources */,
			);
			runOnlyForDeploymentPostprocessing = 0;
		};
		188BAA831C67C7F900BCB652 /* Sources */ = {
			isa = PBXSourcesBuildPhase;
			buildActionMask = 2147483647;
			files = (
				188BAA8C1C67C7F900BCB652 /* kpThingsToDoTests.m in Sources */,
			);
			runOnlyForDeploymentPostprocessing = 0;
		};
		188BAA8E1C67C7F900BCB652 /* Sources */ = {
			isa = PBXSourcesBuildPhase;
			buildActionMask = 2147483647;
			files = (
				188BAA971C67C7F900BCB652 /* kpThingsToDoUITests.m in Sources */,
			);
			runOnlyForDeploymentPostprocessing = 0;
		};
/* End PBXSourcesBuildPhase section */

/* Begin PBXTargetDependency section */
		188BAA891C67C7F900BCB652 /* PBXTargetDependency */ = {
			isa = PBXTargetDependency;
			target = 188BAA6D1C67C7F900BCB652 /* kpThingsToDo */;
			targetProxy = 188BAA881C67C7F900BCB652 /* PBXContainerItemProxy */;
		};
		188BAA941C67C7F900BCB652 /* PBXTargetDependency */ = {
			isa = PBXTargetDependency;
			target = 188BAA6D1C67C7F900BCB652 /* kpThingsToDo */;
			targetProxy = 188BAA931C67C7F900BCB652 /* PBXContainerItemProxy */;
		};
/* End PBXTargetDependency section */

/* Begin PBXVariantGroup section */
		188BAA7A1C67C7F900BCB652 /* Main.storyboard */ = {
			isa = PBXVariantGroup;
			children = (
				188BAA7B1C67C7F900BCB652 /* Base */,
			);
			name = Main.storyboard;
			sourceTree = "<group>";
		};
		188BAA7F1C67C7F900BCB652 /* LaunchScreen.storyboard */ = {
			isa = PBXVariantGroup;
			children = (
				188BAA801C67C7F900BCB652 /* Base */,
			);
			name = LaunchScreen.storyboard;
			sourceTree = "<group>";
		};
/* End PBXVariantGroup section */

/* Begin XCBuildConfiguration section */
		188BAA991C67C7F900BCB652 /* Debug */ = {
			isa = XCBuildConfiguration;
			buildSettings = {
				ALWAYS_SEARCH_USER_PATHS = NO;
				CLANG_CXX_LANGUAGE_STANDARD = "gnu++0x";
				CLANG_CXX_LIBRARY = "libc++";
				CLANG_ENABLE_MODULES = YES;
				CLANG_ENABLE_OBJC_ARC = YES;
				CLANG_WARN_BOOL_CONVERSION = YES;
				CLANG_WARN_CONSTANT_CONVERSION = YES;
				CLANG_WARN_DIRECT_OBJC_ISA_USAGE = YES_ERROR;
				CLANG_WARN_EMPTY_BODY = YES;
				CLANG_WARN_ENUM_CONVERSION = YES;
				CLANG_WARN_INT_CONVERSION = YES;
				CLANG_WARN_OBJC_ROOT_CLASS = YES_ERROR;
				CLANG_WARN_UNREACHABLE_CODE = YES;
				CLANG_WARN__DUPLICATE_METHOD_MATCH = YES;
				"CODE_SIGN_IDENTITY[sdk=iphoneos*]" = "iPhone Developer";
				COPY_PHASE_STRIP = NO;
				DEBUG_INFORMATION_FORMAT = dwarf;
				ENABLE_STRICT_OBJC_MSGSEND = YES;
				ENABLE_TESTABILITY = YES;
				GCC_C_LANGUAGE_STANDARD = gnu99;
				GCC_DYNAMIC_NO_PIC = NO;
				GCC_NO_COMMON_BLOCKS = YES;
				GCC_OPTIMIZATION_LEVEL = 0;
				GCC_PREPROCESSOR_DEFINITIONS = (
					"DEBUG=1",
					"$(inherited)",
				);
				GCC_WARN_64_TO_32_BIT_CONVERSION = YES;
				GCC_WARN_ABOUT_RETURN_TYPE = YES_ERROR;
				GCC_WARN_UNDECLARED_SELECTOR = YES;
				GCC_WARN_UNINITIALIZED_AUTOS = YES_AGGRESSIVE;
				GCC_WARN_UNUSED_FUNCTION = YES;
				GCC_WARN_UNUSED_VARIABLE = YES;
				IPHONEOS_DEPLOYMENT_TARGET = 9.1;
				MTL_ENABLE_DEBUG_INFO = YES;
				ONLY_ACTIVE_ARCH = YES;
				SDKROOT = iphoneos;
				TARGETED_DEVICE_FAMILY = "1,2";
			};
			name = Debug;
		};
		188BAA9A1C67C7F900BCB652 /* Release */ = {
			isa = XCBuildConfiguration;
			buildSettings = {
				ALWAYS_SEARCH_USER_PATHS = NO;
				CLANG_CXX_LANGUAGE_STANDARD = "gnu++0x";
				CLANG_CXX_LIBRARY = "libc++";
				CLANG_ENABLE_MODULES = YES;
				CLANG_ENABLE_OBJC_ARC = YES;
				CLANG_WARN_BOOL_CONVERSION = YES;
				CLANG_WARN_CONSTANT_CONVERSION = YES;
				CLANG_WARN_DIRECT_OBJC_ISA_USAGE = YES_ERROR;
				CLANG_WARN_EMPTY_BODY = YES;
				CLANG_WARN_ENUM_CONVERSION = YES;
				CLANG_WARN_INT_CONVERSION = YES;
				CLANG_WARN_OBJC_ROOT_CLASS = YES_ERROR;
				CLANG_WARN_UNREACHABLE_CODE = YES;
				CLANG_WARN__DUPLICATE_METHOD_MATCH = YES;
				"CODE_SIGN_IDENTITY[sdk=iphoneos*]" = "iPhone Developer";
				COPY_PHASE_STRIP = NO;
				DEBUG_INFORMATION_FORMAT = "dwarf-with-dsym";
				ENABLE_NS_ASSERTIONS = NO;
				ENABLE_STRICT_OBJC_MSGSEND = YES;
				GCC_C_LANGUAGE_STANDARD = gnu99;
				GCC_NO_COMMON_BLOCKS = YES;
				GCC_WARN_64_TO_32_BIT_CONVERSION = YES;
				GCC_WARN_ABOUT_RETURN_TYPE = YES_ERROR;
				GCC_WARN_UNDECLARED_SELECTOR = YES;
				GCC_WARN_UNINITIALIZED_AUTOS = YES_AGGRESSIVE;
				GCC_WARN_UNUSED_FUNCTION = YES;
				GCC_WARN_UNUSED_VARIABLE = YES;
				IPHONEOS_DEPLOYMENT_TARGET = 9.1;
				MTL_ENABLE_DEBUG_INFO = NO;
				SDKROOT = iphoneos;
				TARGETED_DEVICE_FAMILY = "1,2";
				VALIDATE_PRODUCT = YES;
			};
			name = Release;
		};
		188BAA9C1C67C7F900BCB652 /* Debug */ = {
			isa = XCBuildConfiguration;
			buildSettings = {
				ASSETCATALOG_COMPILER_APPICON_NAME = AppIcon;
				INFOPLIST_FILE = kpThingsToDo/Info.plist;
				LD_RUNPATH_SEARCH_PATHS = "$(inherited) @executable_path/Frameworks";
				PRODUCT_BUNDLE_IDENTIFIER = com.buleApp.kpThingsToDo;
				PRODUCT_NAME = "$(TARGET_NAME)";
				TARGETED_DEVICE_FAMILY = 1;
			};
			name = Debug;
		};
		188BAA9D1C67C7F900BCB652 /* Release */ = {
			isa = XCBuildConfiguration;
			buildSettings = {
				ASSETCATALOG_COMPILER_APPICON_NAME = AppIcon;
				INFOPLIST_FILE = kpThingsToDo/Info.plist;
				LD_RUNPATH_SEARCH_PATHS = "$(inherited) @executable_path/Frameworks";
				PRODUCT_BUNDLE_IDENTIFIER = com.buleApp.kpThingsToDo;
				PRODUCT_NAME = "$(TARGET_NAME)";
				TARGETED_DEVICE_FAMILY = 1;
			};
			name = Release;
		};
		188BAA9F1C67C7F900BCB652 /* Debug */ = {
			isa = XCBuildConfiguration;
			buildSettings = {
				BUNDLE_LOADER = "$(TEST_HOST)";
				INFOPLIST_FILE = kpThingsToDoTests/Info.plist;
				LD_RUNPATH_SEARCH_PATHS = "$(inherited) @executable_path/Frameworks @loader_path/Frameworks";
				PRODUCT_BUNDLE_IDENTIFIER = com.buleApp.kpThingsToDoTests;
				PRODUCT_NAME = "$(TARGET_NAME)";
				TEST_HOST = "$(BUILT_PRODUCTS_DIR)/kpThingsToDo.app/kpThingsToDo";
			};
			name = Debug;
		};
		188BAAA01C67C7F900BCB652 /* Release */ = {
			isa = XCBuildConfiguration;
			buildSettings = {
				BUNDLE_LOADER = "$(TEST_HOST)";
				INFOPLIST_FILE = kpThingsToDoTests/Info.plist;
				LD_RUNPATH_SEARCH_PATHS = "$(inherited) @executable_path/Frameworks @loader_path/Frameworks";
				PRODUCT_BUNDLE_IDENTIFIER = com.buleApp.kpThingsToDoTests;
				PRODUCT_NAME = "$(TARGET_NAME)";
				TEST_HOST = "$(BUILT_PRODUCTS_DIR)/kpThingsToDo.app/kpThingsToDo";
			};
			name = Release;
		};
		188BAAA21C67C7F900BCB652 /* Debug */ = {
			isa = XCBuildConfiguration;
			buildSettings = {
				INFOPLIST_FILE = kpThingsToDoUITests/Info.plist;
				LD_RUNPATH_SEARCH_PATHS = "$(inherited) @executable_path/Frameworks @loader_path/Frameworks";
				PRODUCT_BUNDLE_IDENTIFIER = com.buleApp.kpThingsToDoUITests;
				PRODUCT_NAME = "$(TARGET_NAME)";
				TEST_TARGET_NAME = kpThingsToDo;
				USES_XCTRUNNER = YES;
			};
			name = Debug;
		};
		188BAAA31C67C7F900BCB652 /* Release */ = {
			isa = XCBuildConfiguration;
			buildSettings = {
				INFOPLIST_FILE = kpThingsToDoUITests/Info.plist;
				LD_RUNPATH_SEARCH_PATHS = "$(inherited) @executable_path/Frameworks @loader_path/Frameworks";
				PRODUCT_BUNDLE_IDENTIFIER = com.buleApp.kpThingsToDoUITests;
				PRODUCT_NAME = "$(TARGET_NAME)";
				TEST_TARGET_NAME = kpThingsToDo;
				USES_XCTRUNNER = YES;
			};
			name = Release;
		};
/* End XCBuildConfiguration section */

/* Begin XCConfigurationList section */
		188BAA691C67C7F900BCB652 /* Build configuration list for PBXProject "kpThingsToDo" */ = {
			isa = XCConfigurationList;
			buildConfigurations = (
				188BAA991C67C7F900BCB652 /* Debug */,
				188BAA9A1C67C7F900BCB652 /* Release */,
			);
			defaultConfigurationIsVisible = 0;
			defaultConfigurationName = Release;
		};
		188BAA9B1C67C7F900BCB652 /* Build configuration list for PBXNativeTarget "kpThingsToDo" */ = {
			isa = XCConfigurationList;
			buildConfigurations = (
				188BAA9C1C67C7F900BCB652 /* Debug */,
				188BAA9D1C67C7F900BCB652 /* Release */,
			);
			defaultConfigurationIsVisible = 0;
			defaultConfigurationName = Release;
		};
		188BAA9E1C67C7F900BCB652 /* Build configuration list for PBXNativeTarget "kpThingsToDoTests" */ = {
			isa = XCConfigurationList;
			buildConfigurations = (
				188BAA9F1C67C7F900BCB652 /* Debug */,
				188BAAA01C67C7F900BCB652 /* Release */,
			);
			defaultConfigurationIsVisible = 0;
			defaultConfigurationName = Release;
		};
		188BAAA11C67C7F900BCB652 /* Build configuration list for PBXNativeTarget "kpThingsToDoUITests" */ = {
			isa = XCConfigurationList;
			buildConfigurations = (
				188BAAA21C67C7F900BCB652 /* Debug */,
				188BAAA31C67C7F900BCB652 /* Release */,
			);
			defaultConfigurationIsVisible = 0;
			defaultConfigurationName = Release;
		};
/* End XCConfigurationList section */
	};
	rootObject = 188BAA661C67C7F900BCB652 /* Project object */;
}
