// !$*UTF8*$!
{
	archiveVersion = 1;
	classes = {
	};
	objectVersion = 46;
	objects = {

/* Begin PBXBuildFile section */
		18A511601D3B3536009A7D73 /* main.m in Sources */ = {isa = PBXBuildFile; fileRef = 18A5115F1D3B3536009A7D73 /* main.m */; };
		18A511681D3C7F25009A7D73 /* kpCar.m in Sources */ = {isa = PBXBuildFile; fileRef = 18A511671D3C7F25009A7D73 /* kpCar.m */; };
		18B90EB81D41225A0091C221 /* kpRace.m in Sources */ = {isa = PBXBuildFile; fileRef = 18B90EB71D41225A0091C221 /* kpRace.m */; };
/* End PBXBuildFile section */

/* Begin PBXCopyFilesBuildPhase section */
		18A5115A1D3B3536009A7D73 /* CopyFiles */ = {
			isa = PBXCopyFilesBuildPhase;
			buildActionMask = 2147483647;
			dstPath = /usr/share/man/man1/;
			dstSubfolderSpec = 0;
			files = (
			);
			runOnlyForDeploymentPostprocessing = 1;
		};
/* End PBXCopyFilesBuildPhase section */

/* Begin PBXFileReference section */
		18A5115C1D3B3536009A7D73 /* kpRacing */ = {isa = PBXFileReference; explicitFileType = "compiled.mach-o.executable"; includeInIndex = 0; path = kpRacing; sourceTree = BUILT_PRODUCTS_DIR; };
		18A5115F1D3B3536009A7D73 /* main.m */ = {isa = PBXFileReference; lastKnownFileType = sourcecode.c.objc; path = main.m; sourceTree = "<group>"; };
		18A511661D3C7F25009A7D73 /* kpCar.h */ = {isa = PBXFileReference; fileEncoding = 4; lastKnownFileType = sourcecode.c.h; path = kpCar.h; sourceTree = "<group>"; };
		18A511671D3C7F25009A7D73 /* kpCar.m */ = {isa = PBXFileReference; fileEncoding = 4; lastKnownFileType = sourcecode.c.objc; path = kpCar.m; sourceTree = "<group>"; };
		18B90EB61D41225A0091C221 /* kpRace.h */ = {isa = PBXFileReference; fileEncoding = 4; lastKnownFileType = sourcecode.c.h; path = kpRace.h; sourceTree = "<group>"; };
		18B90EB71D41225A0091C221 /* kpRace.m */ = {isa = PBXFileReference; fileEncoding = 4; lastKnownFileType = sourcecode.c.objc; path = kpRace.m; sourceTree = "<group>"; };
/* End PBXFileReference section */

/* Begin PBXFrameworksBuildPhase section */
		18A511591D3B3536009A7D73 /* Frameworks */ = {
			isa = PBXFrameworksBuildPhase;
			buildActionMask = 2147483647;
			files = (
			);
			runOnlyForDeploymentPostprocessing = 0;
		};
/* End PBXFrameworksBuildPhase section */

/* Begin PBXGroup section */
		18A511531D3B3536009A7D73 = {
			isa = PBXGroup;
			children = (
				18A5115E1D3B3536009A7D73 /* kpRacing */,
				18A5115D1D3B3536009A7D73 /* Products */,
			);
			sourceTree = "<group>";
		};
		18A5115D1D3B3536009A7D73 /* Products */ = {
			isa = PBXGroup;
			children = (
				18A5115C1D3B3536009A7D73 /* kpRacing */,
			);
			name = Products;
			sourceTree = "<group>";
		};
		18A5115E1D3B3536009A7D73 /* kpRacing */ = {
			isa = PBXGroup;
			children = (
				18A5115F1D3B3536009A7D73 /* main.m */,
				18A511661D3C7F25009A7D73 /* kpCar.h */,
				18A511671D3C7F25009A7D73 /* kpCar.m */,
				18B90EB61D41225A0091C221 /* kpRace.h */,
				18B90EB71D41225A0091C221 /* kpRace.m */,
			);
			path = kpRacing;
			sourceTree = "<group>";
		};
/* End PBXGroup section */

/* Begin PBXNativeTarget section */
		18A5115B1D3B3536009A7D73 /* kpRacing */ = {
			isa = PBXNativeTarget;
			buildConfigurationList = 18A511631D3B3536009A7D73 /* Build configuration list for PBXNativeTarget "kpRacing" */;
			buildPhases = (
				18A511581D3B3536009A7D73 /* Sources */,
				18A511591D3B3536009A7D73 /* Frameworks */,
				18A5115A1D3B3536009A7D73 /* CopyFiles */,
			);
			buildRules = (
			);
			dependencies = (
			);
			name = kpRacing;
			productName = kpRacing;
			productReference = 18A5115C1D3B3536009A7D73 /* kpRacing */;
			productType = "com.apple.product-type.tool";
		};
/* End PBXNativeTarget section */

/* Begin PBXProject section */
		18A511541D3B3536009A7D73 /* Project object */ = {
			isa = PBXProject;
			attributes = {
				LastUpgradeCheck = 0730;
				ORGANIZATIONNAME = StepWiseDesigns;
				TargetAttributes = {
					18A5115B1D3B3536009A7D73 = {
						CreatedOnToolsVersion = 7.3.1;
					};
				};
			};
			buildConfigurationList = 18A511571D3B3536009A7D73 /* Build configuration list for PBXProject "kpRacing" */;
			compatibilityVersion = "Xcode 3.2";
			developmentRegion = English;
			hasScannedForEncodings = 0;
			knownRegions = (
				en,
			);
			mainGroup = 18A511531D3B3536009A7D73;
			productRefGroup = 18A5115D1D3B3536009A7D73 /* Products */;
			projectDirPath = "";
			projectRoot = "";
			targets = (
				18A5115B1D3B3536009A7D73 /* kpRacing */,
			);
		};
/* End PBXProject section */

/* Begin PBXSourcesBuildPhase section */
		18A511581D3B3536009A7D73 /* Sources */ = {
			isa = PBXSourcesBuildPhase;
			buildActionMask = 2147483647;
			files = (
				18A511601D3B3536009A7D73 /* main.m in Sources */,
				18A511681D3C7F25009A7D73 /* kpCar.m in Sources */,
				18B90EB81D41225A0091C221 /* kpRace.m in Sources */,
			);
			runOnlyForDeploymentPostprocessing = 0;
		};
/* End PBXSourcesBuildPhase section */

/* Begin XCBuildConfiguration section */
		18A511611D3B3536009A7D73 /* Debug */ = {
			isa = XCBuildConfiguration;
			buildSettings = {
				ALWAYS_SEARCH_USER_PATHS = NO;
				CLANG_ANALYZER_NONNULL = YES;
				CLANG_CXX_LANGUAGE_STANDARD = "gnu++0x";
				CLANG_CXX_LIBRARY = "libc++";
				CLANG_ENABLE_MODULES = YES;
				CLANG_ENABLE_OBJC_ARC = YES;
				CLANG_WARN_BOOL_CONVERSION = YES;
				CLANG_WARN_CONSTANT_CONVERSION = YES;
				CLANG_WARN_DIRECT_OBJC_ISA_USAGE = YES_ERROR;
				CLANG_WARN_EMPTY_BODY = YES;
				CLANG_WARN_ENUM_CONVERSION = YES;
				CLANG_WARN_INT_CONVERSION = YES;
				CLANG_WARN_OBJC_ROOT_CLASS = YES_ERROR;
				CLANG_WARN_UNREACHABLE_CODE = YES;
				CLANG_WARN__DUPLICATE_METHOD_MATCH = YES;
				CODE_SIGN_IDENTITY = "-";
				COPY_PHASE_STRIP = NO;
				DEBUG_INFORMATION_FORMAT = dwarf;
				ENABLE_STRICT_OBJC_MSGSEND = YES;
				ENABLE_TESTABILITY = YES;
				GCC_C_LANGUAGE_STANDARD = gnu99;
				GCC_DYNAMIC_NO_PIC = NO;
				GCC_NO_COMMON_BLOCKS = YES;
				GCC_OPTIMIZATION_LEVEL = 0;
				GCC_PREPROCESSOR_DEFINITIONS = (
					"DEBUG=1",
					"$(inherited)",
				);
				GCC_WARN_64_TO_32_BIT_CONVERSION = YES;
				GCC_WARN_ABOUT_RETURN_TYPE = YES_ERROR;
				GCC_WARN_UNDECLARED_SELECTOR = YES;
				GCC_WARN_UNINITIALIZED_AUTOS = YES_AGGRESSIVE;
				GCC_WARN_UNUSED_FUNCTION = YES;
				GCC_WARN_UNUSED_VARIABLE = YES;
				MACOSX_DEPLOYMENT_TARGET = 10.11;
				MTL_ENABLE_DEBUG_INFO = YES;
				ONLY_ACTIVE_ARCH = YES;
				SDKROOT = macosx;
			};
			name = Debug;
		};
		18A511621D3B3536009A7D73 /* Release */ = {
			isa = XCBuildConfiguration;
			buildSettings = {
				ALWAYS_SEARCH_USER_PATHS = NO;
				CLANG_ANALYZER_NONNULL = YES;
				CLANG_CXX_LANGUAGE_STANDARD = "gnu++0x";
				CLANG_CXX_LIBRARY = "libc++";
				CLANG_ENABLE_MODULES = YES;
				CLANG_ENABLE_OBJC_ARC = YES;
				CLANG_WARN_BOOL_CONVERSION = YES;
				CLANG_WARN_CONSTANT_CONVERSION = YES;
				CLANG_WARN_DIRECT_OBJC_ISA_USAGE = YES_ERROR;
				CLANG_WARN_EMPTY_BODY = YES;
				CLANG_WARN_ENUM_CONVERSION = YES;
				CLANG_WARN_INT_CONVERSION = YES;
				CLANG_WARN_OBJC_ROOT_CLASS = YES_ERROR;
				CLANG_WARN_UNREACHABLE_CODE = YES;
				CLANG_WARN__DUPLICATE_METHOD_MATCH = YES;
				CODE_SIGN_IDENTITY = "-";
				COPY_PHASE_STRIP = NO;
				DEBUG_INFORMATION_FORMAT = "dwarf-with-dsym";
				ENABLE_NS_ASSERTIONS = NO;
				ENABLE_STRICT_OBJC_MSGSEND = YES;
				GCC_C_LANGUAGE_STANDARD = gnu99;
				GCC_NO_COMMON_BLOCKS = YES;
				GCC_WARN_64_TO_32_BIT_CONVERSION = YES;
				GCC_WARN_ABOUT_RETURN_TYPE = YES_ERROR;
				GCC_WARN_UNDECLARED_SELECTOR = YES;
				GCC_WARN_UNINITIALIZED_AUTOS = YES_AGGRESSIVE;
				GCC_WARN_UNUSED_FUNCTION = YES;
				GCC_WARN_UNUSED_VARIABLE = YES;
				MACOSX_DEPLOYMENT_TARGET = 10.11;
				MTL_ENABLE_DEBUG_INFO = NO;
				SDKROOT = macosx;
			};
			name = Release;
		};
		18A511641D3B3536009A7D73 /* Debug */ = {
			isa = XCBuildConfiguration;
			buildSettings = {
				PRODUCT_NAME = "$(TARGET_NAME)";
			};
			name = Debug;
		};
		18A511651D3B3536009A7D73 /* Release */ = {
			isa = XCBuildConfiguration;
			buildSettings = {
				PRODUCT_NAME = "$(TARGET_NAME)";
			};
			name = Release;
		};
/* End XCBuildConfiguration section */

/* Begin XCConfigurationList section */
		18A511571D3B3536009A7D73 /* Build configuration list for PBXProject "kpRacing" */ = {
			isa = XCConfigurationList;
			buildConfigurations = (
				18A511611D3B3536009A7D73 /* Debug */,
				18A511621D3B3536009A7D73 /* Release */,
			);
			defaultConfigurationIsVisible = 0;
			defaultConfigurationName = Release;
		};
		18A511631D3B3536009A7D73 /* Build configuration list for PBXNativeTarget "kpRacing" */ = {
			isa = XCConfigurationList;
			buildConfigurations = (
				18A511641D3B3536009A7D73 /* Debug */,
				18A511651D3B3536009A7D73 /* Release */,
			);
			defaultConfigurationIsVisible = 0;
			defaultConfigurationName = Release;
		};
/* End XCConfigurationList section */
	};
	rootObject = 18A511541D3B3536009A7D73 /* Project object */;
}
