// !$*UTF8*$!
{
	archiveVersion = 1;
	classes = {
	};
	objectVersion = 46;
	objects = {

/* Begin PBXBuildFile section */
		20F0541C1D34A04900BEC58D /* main.m in Sources */ = {isa = PBXBuildFile; fileRef = 20F0541B1D34A04900BEC58D /* main.m */; };
		20F054271D34AA6800BEC58D /* kpForms.m in Sources */ = {isa = PBXBuildFile; fileRef = 20F054261D34AA6800BEC58D /* kpForms.m */; };
		20F0542A1D351F9D00BEC58D /* kpColors.m in Sources */ = {isa = PBXBuildFile; fileRef = 20F054291D351F9D00BEC58D /* kpColors.m */; };
/* End PBXBuildFile section */

/* Begin PBXCopyFilesBuildPhase section */
		20F054161D34A04900BEC58D /* CopyFiles */ = {
			isa = PBXCopyFilesBuildPhase;
			buildActionMask = 2147483647;
			dstPath = /usr/share/man/man1/;
			dstSubfolderSpec = 0;
			files = (
			);
			runOnlyForDeploymentPostprocessing = 1;
		};
/* End PBXCopyFilesBuildPhase section */

/* Begin PBXFileReference section */
		20F054181D34A04900BEC58D /* kpCheckingClassType */ = {isa = PBXFileReference; explicitFileType = "compiled.mach-o.executable"; includeInIndex = 0; path = kpCheckingClassType; sourceTree = BUILT_PRODUCTS_DIR; };
		20F0541B1D34A04900BEC58D /* main.m */ = {isa = PBXFileReference; lastKnownFileType = sourcecode.c.objc; path = main.m; sourceTree = "<group>"; };
		20F054251D34AA6800BEC58D /* kpForms.h */ = {isa = PBXFileReference; fileEncoding = 4; lastKnownFileType = sourcecode.c.h; name = kpForms.h; path = ../kpForms.h; sourceTree = "<group>"; };
		20F054261D34AA6800BEC58D /* kpForms.m */ = {isa = PBXFileReference; fileEncoding = 4; lastKnownFileType = sourcecode.c.objc; name = kpForms.m; path = ../kpForms.m; sourceTree = "<group>"; };
		20F054281D351F9D00BEC58D /* kpColors.h */ = {isa = PBXFileReference; fileEncoding = 4; lastKnownFileType = sourcecode.c.h; path = kpColors.h; sourceTree = "<group>"; };
		20F054291D351F9D00BEC58D /* kpColors.m */ = {isa = PBXFileReference; fileEncoding = 4; lastKnownFileType = sourcecode.c.objc; path = kpColors.m; sourceTree = "<group>"; };
/* End PBXFileReference section */

/* Begin PBXFrameworksBuildPhase section */
		20F054151D34A04900BEC58D /* Frameworks */ = {
			isa = PBXFrameworksBuildPhase;
			buildActionMask = 2147483647;
			files = (
			);
			runOnlyForDeploymentPostprocessing = 0;
		};
/* End PBXFrameworksBuildPhase section */

/* Begin PBXGroup section */
		20F0540F1D34A04900BEC58D = {
			isa = PBXGroup;
			children = (
				20F0541A1D34A04900BEC58D /* kpCheckingClassType */,
				20F054191D34A04900BEC58D /* Products */,
			);
			sourceTree = "<group>";
		};
		20F054191D34A04900BEC58D /* Products */ = {
			isa = PBXGroup;
			children = (
				20F054181D34A04900BEC58D /* kpCheckingClassType */,
			);
			name = Products;
			sourceTree = "<group>";
		};
		20F0541A1D34A04900BEC58D /* kpCheckingClassType */ = {
			isa = PBXGroup;
			children = (
				20F054251D34AA6800BEC58D /* kpForms.h */,
				20F054261D34AA6800BEC58D /* kpForms.m */,
				20F0541B1D34A04900BEC58D /* main.m */,
				20F054281D351F9D00BEC58D /* kpColors.h */,
				20F054291D351F9D00BEC58D /* kpColors.m */,
			);
			path = kpCheckingClassType;
			sourceTree = "<group>";
		};
/* End PBXGroup section */

/* Begin PBXNativeTarget section */
		20F054171D34A04900BEC58D /* kpCheckingClassType */ = {
			isa = PBXNativeTarget;
			buildConfigurationList = 20F0541F1D34A04900BEC58D /* Build configuration list for PBXNativeTarget "kpCheckingClassType" */;
			buildPhases = (
				20F054141D34A04900BEC58D /* Sources */,
				20F054151D34A04900BEC58D /* Frameworks */,
				20F054161D34A04900BEC58D /* CopyFiles */,
			);
			buildRules = (
			);
			dependencies = (
			);
			name = kpCheckingClassType;
			productName = kpCheckingClassType;
			productReference = 20F054181D34A04900BEC58D /* kpCheckingClassType */;
			productType = "com.apple.product-type.tool";
		};
/* End PBXNativeTarget section */

/* Begin PBXProject section */
		20F054101D34A04900BEC58D /* Project object */ = {
			isa = PBXProject;
			attributes = {
				LastUpgradeCheck = 0730;
				ORGANIZATIONNAME = StepwiseDesigns;
				TargetAttributes = {
					20F054171D34A04900BEC58D = {
						CreatedOnToolsVersion = 7.3;
					};
				};
			};
			buildConfigurationList = 20F054131D34A04900BEC58D /* Build configuration list for PBXProject "kpCheckingClassType" */;
			compatibilityVersion = "Xcode 3.2";
			developmentRegion = English;
			hasScannedForEncodings = 0;
			knownRegions = (
				en,
			);
			mainGroup = 20F0540F1D34A04900BEC58D;
			productRefGroup = 20F054191D34A04900BEC58D /* Products */;
			projectDirPath = "";
			projectRoot = "";
			targets = (
				20F054171D34A04900BEC58D /* kpCheckingClassType */,
			);
		};
/* End PBXProject section */

/* Begin PBXSourcesBuildPhase section */
		20F054141D34A04900BEC58D /* Sources */ = {
			isa = PBXSourcesBuildPhase;
			buildActionMask = 2147483647;
			files = (
				20F0542A1D351F9D00BEC58D /* kpColors.m in Sources */,
				20F054271D34AA6800BEC58D /* kpForms.m in Sources */,
				20F0541C1D34A04900BEC58D /* main.m in Sources */,
			);
			runOnlyForDeploymentPostprocessing = 0;
		};
/* End PBXSourcesBuildPhase section */

/* Begin XCBuildConfiguration section */
		20F0541D1D34A04900BEC58D /* Debug */ = {
			isa = XCBuildConfiguration;
			buildSettings = {
				ALWAYS_SEARCH_USER_PATHS = NO;
				CLANG_ANALYZER_NONNULL = YES;
				CLANG_CXX_LANGUAGE_STANDARD = "gnu++0x";
				CLANG_CXX_LIBRARY = "libc++";
				CLANG_ENABLE_MODULES = YES;
				CLANG_ENABLE_OBJC_ARC = YES;
				CLANG_WARN_BOOL_CONVERSION = YES;
				CLANG_WARN_CONSTANT_CONVERSION = YES;
				CLANG_WARN_DIRECT_OBJC_ISA_USAGE = YES_ERROR;
				CLANG_WARN_EMPTY_BODY = YES;
				CLANG_WARN_ENUM_CONVERSION = YES;
				CLANG_WARN_INT_CONVERSION = YES;
				CLANG_WARN_OBJC_ROOT_CLASS = YES_ERROR;
				CLANG_WARN_UNREACHABLE_CODE = YES;
				CLANG_WARN__DUPLICATE_METHOD_MATCH = YES;
				CODE_SIGN_IDENTITY = "-";
				COPY_PHASE_STRIP = NO;
				DEBUG_INFORMATION_FORMAT = dwarf;
				ENABLE_STRICT_OBJC_MSGSEND = YES;
				ENABLE_TESTABILITY = YES;
				GCC_C_LANGUAGE_STANDARD = gnu99;
				GCC_DYNAMIC_NO_PIC = NO;
				GCC_NO_COMMON_BLOCKS = YES;
				GCC_OPTIMIZATION_LEVEL = 0;
				GCC_PREPROCESSOR_DEFINITIONS = (
					"DEBUG=1",
					"$(inherited)",
				);
				GCC_WARN_64_TO_32_BIT_CONVERSION = YES;
				GCC_WARN_ABOUT_RETURN_TYPE = YES_ERROR;
				GCC_WARN_UNDECLARED_SELECTOR = YES;
				GCC_WARN_UNINITIALIZED_AUTOS = YES_AGGRESSIVE;
				GCC_WARN_UNUSED_FUNCTION = YES;
				GCC_WARN_UNUSED_VARIABLE = YES;
				MACOSX_DEPLOYMENT_TARGET = 10.11;
				MTL_ENABLE_DEBUG_INFO = YES;
				ONLY_ACTIVE_ARCH = YES;
				SDKROOT = macosx;
			};
			name = Debug;
		};
		20F0541E1D34A04900BEC58D /* Release */ = {
			isa = XCBuildConfiguration;
			buildSettings = {
				ALWAYS_SEARCH_USER_PATHS = NO;
				CLANG_ANALYZER_NONNULL = YES;
				CLANG_CXX_LANGUAGE_STANDARD = "gnu++0x";
				CLANG_CXX_LIBRARY = "libc++";
				CLANG_ENABLE_MODULES = YES;
				CLANG_ENABLE_OBJC_ARC = YES;
				CLANG_WARN_BOOL_CONVERSION = YES;
				CLANG_WARN_CONSTANT_CONVERSION = YES;
				CLANG_WARN_DIRECT_OBJC_ISA_USAGE = YES_ERROR;
				CLANG_WARN_EMPTY_BODY = YES;
				CLANG_WARN_ENUM_CONVERSION = YES;
				CLANG_WARN_INT_CONVERSION = YES;
				CLANG_WARN_OBJC_ROOT_CLASS = YES_ERROR;
				CLANG_WARN_UNREACHABLE_CODE = YES;
				CLANG_WARN__DUPLICATE_METHOD_MATCH = YES;
				CODE_SIGN_IDENTITY = "-";
				COPY_PHASE_STRIP = NO;
				DEBUG_INFORMATION_FORMAT = "dwarf-with-dsym";
				ENABLE_NS_ASSERTIONS = NO;
				ENABLE_STRICT_OBJC_MSGSEND = YES;
				GCC_C_LANGUAGE_STANDARD = gnu99;
				GCC_NO_COMMON_BLOCKS = YES;
				GCC_WARN_64_TO_32_BIT_CONVERSION = YES;
				GCC_WARN_ABOUT_RETURN_TYPE = YES_ERROR;
				GCC_WARN_UNDECLARED_SELECTOR = YES;
				GCC_WARN_UNINITIALIZED_AUTOS = YES_AGGRESSIVE;
				GCC_WARN_UNUSED_FUNCTION = YES;
				GCC_WARN_UNUSED_VARIABLE = YES;
				MACOSX_DEPLOYMENT_TARGET = 10.11;
				MTL_ENABLE_DEBUG_INFO = NO;
				SDKROOT = macosx;
			};
			name = Release;
		};
		20F054201D34A04900BEC58D /* Debug */ = {
			isa = XCBuildConfiguration;
			buildSettings = {
				PRODUCT_NAME = "$(TARGET_NAME)";
			};
			name = Debug;
		};
		20F054211D34A04900BEC58D /* Release */ = {
			isa = XCBuildConfiguration;
			buildSettings = {
				PRODUCT_NAME = "$(TARGET_NAME)";
			};
			name = Release;
		};
/* End XCBuildConfiguration section */

/* Begin XCConfigurationList section */
		20F054131D34A04900BEC58D /* Build configuration list for PBXProject "kpCheckingClassType" */ = {
			isa = XCConfigurationList;
			buildConfigurations = (
				20F0541D1D34A04900BEC58D /* Debug */,
				20F0541E1D34A04900BEC58D /* Release */,
			);
			defaultConfigurationIsVisible = 0;
			defaultConfigurationName = Release;
		};
		20F0541F1D34A04900BEC58D /* Build configuration list for PBXNativeTarget "kpCheckingClassType" */ = {
			isa = XCConfigurationList;
			buildConfigurations = (
				20F054201D34A04900BEC58D /* Debug */,
				20F054211D34A04900BEC58D /* Release */,
			);
			defaultConfigurationIsVisible = 0;
			defaultConfigurationName = Release;
		};
/* End XCConfigurationList section */
	};
	rootObject = 20F054101D34A04900BEC58D /* Project object */;
}
