// !$*UTF8*$!
{
	archiveVersion = 1;
	classes = {
	};
	objectVersion = 46;
	objects = {

/* Begin PBXBuildFile section */
		181FE0501D48744B009F89D7 /* main.m in Sources */ = {isa = PBXBuildFile; fileRef = 181FE04F1D48744B009F89D7 /* main.m */; };
		181FE05B1D4874AC009F89D7 /* kpCar.m in Sources */ = {isa = PBXBuildFile; fileRef = 181FE05A1D4874AC009F89D7 /* kpCar.m */; };
		181FE05E1D48FD15009F89D7 /* kpRace.m in Sources */ = {isa = PBXBuildFile; fileRef = 181FE05D1D48FD15009F89D7 /* kpRace.m */; };
		182F85FC1D499E2700572C45 /* NSURLConnection+ConnectionRequestSendingAdditions.m in Sources */ = {isa = PBXBuildFile; fileRef = 182F85FB1D499E2700572C45 /* NSURLConnection+ConnectionRequestSendingAdditions.m */; };
		182F85FF1D49BA0700572C45 /* kpTournament.m in Sources */ = {isa = PBXBuildFile; fileRef = 182F85FE1D49BA0700572C45 /* kpTournament.m */; };
/* End PBXBuildFile section */

/* Begin PBXCopyFilesBuildPhase section */
		181FE04A1D48744B009F89D7 /* CopyFiles */ = {
			isa = PBXCopyFilesBuildPhase;
			buildActionMask = 2147483647;
			dstPath = /usr/share/man/man1/;
			dstSubfolderSpec = 0;
			files = (
			);
			runOnlyForDeploymentPostprocessing = 1;
		};
/* End PBXCopyFilesBuildPhase section */

/* Begin PBXFileReference section */
		181FE04C1D48744B009F89D7 /* Racing00 */ = {isa = PBXFileReference; explicitFileType = "compiled.mach-o.executable"; includeInIndex = 0; path = Racing00; sourceTree = BUILT_PRODUCTS_DIR; };
		181FE04F1D48744B009F89D7 /* main.m */ = {isa = PBXFileReference; lastKnownFileType = sourcecode.c.objc; path = main.m; sourceTree = "<group>"; };
		181FE0591D4874AC009F89D7 /* kpCar.h */ = {isa = PBXFileReference; fileEncoding = 4; lastKnownFileType = sourcecode.c.h; name = kpCar.h; path = ../kpCar.h; sourceTree = "<group>"; };
		181FE05A1D4874AC009F89D7 /* kpCar.m */ = {isa = PBXFileReference; fileEncoding = 4; lastKnownFileType = sourcecode.c.objc; name = kpCar.m; path = ../kpCar.m; sourceTree = "<group>"; };
		181FE05C1D48FD15009F89D7 /* kpRace.h */ = {isa = PBXFileReference; fileEncoding = 4; lastKnownFileType = sourcecode.c.h; path = kpRace.h; sourceTree = "<group>"; };
		181FE05D1D48FD15009F89D7 /* kpRace.m */ = {isa = PBXFileReference; fileEncoding = 4; lastKnownFileType = sourcecode.c.objc; path = kpRace.m; sourceTree = "<group>"; };
		182F85FA1D499E2700572C45 /* NSURLConnection+ConnectionRequestSendingAdditions.h */ = {isa = PBXFileReference; fileEncoding = 4; lastKnownFileType = sourcecode.c.h; path = "NSURLConnection+ConnectionRequestSendingAdditions.h"; sourceTree = "<group>"; };
		182F85FB1D499E2700572C45 /* NSURLConnection+ConnectionRequestSendingAdditions.m */ = {isa = PBXFileReference; fileEncoding = 4; lastKnownFileType = sourcecode.c.objc; path = "NSURLConnection+ConnectionRequestSendingAdditions.m"; sourceTree = "<group>"; };
		182F85FD1D49BA0700572C45 /* kpTournament.h */ = {isa = PBXFileReference; fileEncoding = 4; lastKnownFileType = sourcecode.c.h; path = kpTournament.h; sourceTree = "<group>"; };
		182F85FE1D49BA0700572C45 /* kpTournament.m */ = {isa = PBXFileReference; fileEncoding = 4; lastKnownFileType = sourcecode.c.objc; path = kpTournament.m; sourceTree = "<group>"; };
/* End PBXFileReference section */

/* Begin PBXFrameworksBuildPhase section */
		181FE0491D48744B009F89D7 /* Frameworks */ = {
			isa = PBXFrameworksBuildPhase;
			buildActionMask = 2147483647;
			files = (
			);
			runOnlyForDeploymentPostprocessing = 0;
		};
/* End PBXFrameworksBuildPhase section */

/* Begin PBXGroup section */
		181FE0431D48744B009F89D7 = {
			isa = PBXGroup;
			children = (
				181FE04E1D48744B009F89D7 /* Racing00 */,
				181FE04D1D48744B009F89D7 /* Products */,
			);
			sourceTree = "<group>";
		};
		181FE04D1D48744B009F89D7 /* Products */ = {
			isa = PBXGroup;
			children = (
				181FE04C1D48744B009F89D7 /* Racing00 */,
			);
			name = Products;
			sourceTree = "<group>";
		};
		181FE04E1D48744B009F89D7 /* Racing00 */ = {
			isa = PBXGroup;
			children = (
				181FE05F1D49639A009F89D7 /* categories */,
				181FE04F1D48744B009F89D7 /* main.m */,
				181FE0591D4874AC009F89D7 /* kpCar.h */,
				181FE05A1D4874AC009F89D7 /* kpCar.m */,
				181FE05C1D48FD15009F89D7 /* kpRace.h */,
				181FE05D1D48FD15009F89D7 /* kpRace.m */,
				182F85FD1D49BA0700572C45 /* kpTournament.h */,
				182F85FE1D49BA0700572C45 /* kpTournament.m */,
			);
			path = Racing00;
			sourceTree = "<group>";
		};
		181FE05F1D49639A009F89D7 /* categories */ = {
			isa = PBXGroup;
			children = (
				182F85FA1D499E2700572C45 /* NSURLConnection+ConnectionRequestSendingAdditions.h */,
				182F85FB1D499E2700572C45 /* NSURLConnection+ConnectionRequestSendingAdditions.m */,
			);
			name = categories;
			sourceTree = "<group>";
		};
/* End PBXGroup section */

/* Begin PBXNativeTarget section */
		181FE04B1D48744B009F89D7 /* Racing00 */ = {
			isa = PBXNativeTarget;
			buildConfigurationList = 181FE0531D48744B009F89D7 /* Build configuration list for PBXNativeTarget "Racing00" */;
			buildPhases = (
				181FE0481D48744B009F89D7 /* Sources */,
				181FE0491D48744B009F89D7 /* Frameworks */,
				181FE04A1D48744B009F89D7 /* CopyFiles */,
			);
			buildRules = (
			);
			dependencies = (
			);
			name = Racing00;
			productName = Racing00;
			productReference = 181FE04C1D48744B009F89D7 /* Racing00 */;
			productType = "com.apple.product-type.tool";
		};
/* End PBXNativeTarget section */

/* Begin PBXProject section */
		181FE0441D48744B009F89D7 /* Project object */ = {
			isa = PBXProject;
			attributes = {
				LastUpgradeCheck = 0730;
				ORGANIZATIONNAME = StepWiseDesigns;
				TargetAttributes = {
					181FE04B1D48744B009F89D7 = {
						CreatedOnToolsVersion = 7.3.1;
					};
				};
			};
			buildConfigurationList = 181FE0471D48744B009F89D7 /* Build configuration list for PBXProject "Racing00" */;
			compatibilityVersion = "Xcode 3.2";
			developmentRegion = English;
			hasScannedForEncodings = 0;
			knownRegions = (
				en,
			);
			mainGroup = 181FE0431D48744B009F89D7;
			productRefGroup = 181FE04D1D48744B009F89D7 /* Products */;
			projectDirPath = "";
			projectRoot = "";
			targets = (
				181FE04B1D48744B009F89D7 /* Racing00 */,
			);
		};
/* End PBXProject section */

/* Begin PBXSourcesBuildPhase section */
		181FE0481D48744B009F89D7 /* Sources */ = {
			isa = PBXSourcesBuildPhase;
			buildActionMask = 2147483647;
			files = (
				182F85FF1D49BA0700572C45 /* kpTournament.m in Sources */,
				181FE0501D48744B009F89D7 /* main.m in Sources */,
				182F85FC1D499E2700572C45 /* NSURLConnection+ConnectionRequestSendingAdditions.m in Sources */,
				181FE05B1D4874AC009F89D7 /* kpCar.m in Sources */,
				181FE05E1D48FD15009F89D7 /* kpRace.m in Sources */,
			);
			runOnlyForDeploymentPostprocessing = 0;
		};
/* End PBXSourcesBuildPhase section */

/* Begin XCBuildConfiguration section */
		181FE0511D48744B009F89D7 /* Debug */ = {
			isa = XCBuildConfiguration;
			buildSettings = {
				ALWAYS_SEARCH_USER_PATHS = NO;
				CLANG_ANALYZER_NONNULL = YES;
				CLANG_CXX_LANGUAGE_STANDARD = "gnu++0x";
				CLANG_CXX_LIBRARY = "libc++";
				CLANG_ENABLE_MODULES = YES;
				CLANG_ENABLE_OBJC_ARC = YES;
				CLANG_WARN_BOOL_CONVERSION = YES;
				CLANG_WARN_CONSTANT_CONVERSION = YES;
				CLANG_WARN_DIRECT_OBJC_ISA_USAGE = YES_ERROR;
				CLANG_WARN_EMPTY_BODY = YES;
				CLANG_WARN_ENUM_CONVERSION = YES;
				CLANG_WARN_INT_CONVERSION = YES;
				CLANG_WARN_OBJC_ROOT_CLASS = YES_ERROR;
				CLANG_WARN_UNREACHABLE_CODE = YES;
				CLANG_WARN__DUPLICATE_METHOD_MATCH = YES;
				CODE_SIGN_IDENTITY = "-";
				COPY_PHASE_STRIP = NO;
				DEBUG_INFORMATION_FORMAT = dwarf;
				ENABLE_STRICT_OBJC_MSGSEND = YES;
				ENABLE_TESTABILITY = YES;
				GCC_C_LANGUAGE_STANDARD = gnu99;
				GCC_DYNAMIC_NO_PIC = NO;
				GCC_NO_COMMON_BLOCKS = YES;
				GCC_OPTIMIZATION_LEVEL = 0;
				GCC_PREPROCESSOR_DEFINITIONS = (
					"DEBUG=1",
					"$(inherited)",
				);
				GCC_WARN_64_TO_32_BIT_CONVERSION = YES;
				GCC_WARN_ABOUT_RETURN_TYPE = YES_ERROR;
				GCC_WARN_UNDECLARED_SELECTOR = YES;
				GCC_WARN_UNINITIALIZED_AUTOS = YES_AGGRESSIVE;
				GCC_WARN_UNUSED_FUNCTION = YES;
				GCC_WARN_UNUSED_VARIABLE = YES;
				MACOSX_DEPLOYMENT_TARGET = 10.11;
				MTL_ENABLE_DEBUG_INFO = YES;
				ONLY_ACTIVE_ARCH = YES;
				SDKROOT = macosx;
			};
			name = Debug;
		};
		181FE0521D48744B009F89D7 /* Release */ = {
			isa = XCBuildConfiguration;
			buildSettings = {
				ALWAYS_SEARCH_USER_PATHS = NO;
				CLANG_ANALYZER_NONNULL = YES;
				CLANG_CXX_LANGUAGE_STANDARD = "gnu++0x";
				CLANG_CXX_LIBRARY = "libc++";
				CLANG_ENABLE_MODULES = YES;
				CLANG_ENABLE_OBJC_ARC = YES;
				CLANG_WARN_BOOL_CONVERSION = YES;
				CLANG_WARN_CONSTANT_CONVERSION = YES;
				CLANG_WARN_DIRECT_OBJC_ISA_USAGE = YES_ERROR;
				CLANG_WARN_EMPTY_BODY = YES;
				CLANG_WARN_ENUM_CONVERSION = YES;
				CLANG_WARN_INT_CONVERSION = YES;
				CLANG_WARN_OBJC_ROOT_CLASS = YES_ERROR;
				CLANG_WARN_UNREACHABLE_CODE = YES;
				CLANG_WARN__DUPLICATE_METHOD_MATCH = YES;
				CODE_SIGN_IDENTITY = "-";
				COPY_PHASE_STRIP = NO;
				DEBUG_INFORMATION_FORMAT = "dwarf-with-dsym";
				ENABLE_NS_ASSERTIONS = NO;
				ENABLE_STRICT_OBJC_MSGSEND = YES;
				GCC_C_LANGUAGE_STANDARD = gnu99;
				GCC_NO_COMMON_BLOCKS = YES;
				GCC_WARN_64_TO_32_BIT_CONVERSION = YES;
				GCC_WARN_ABOUT_RETURN_TYPE = YES_ERROR;
				GCC_WARN_UNDECLARED_SELECTOR = YES;
				GCC_WARN_UNINITIALIZED_AUTOS = YES_AGGRESSIVE;
				GCC_WARN_UNUSED_FUNCTION = YES;
				GCC_WARN_UNUSED_VARIABLE = YES;
				MACOSX_DEPLOYMENT_TARGET = 10.11;
				MTL_ENABLE_DEBUG_INFO = NO;
				SDKROOT = macosx;
			};
			name = Release;
		};
		181FE0541D48744B009F89D7 /* Debug */ = {
			isa = XCBuildConfiguration;
			buildSettings = {
				PRODUCT_NAME = "$(TARGET_NAME)";
			};
			name = Debug;
		};
		181FE0551D48744B009F89D7 /* Release */ = {
			isa = XCBuildConfiguration;
			buildSettings = {
				PRODUCT_NAME = "$(TARGET_NAME)";
			};
			name = Release;
		};
/* End XCBuildConfiguration section */

/* Begin XCConfigurationList section */
		181FE0471D48744B009F89D7 /* Build configuration list for PBXProject "Racing00" */ = {
			isa = XCConfigurationList;
			buildConfigurations = (
				181FE0511D48744B009F89D7 /* Debug */,
				181FE0521D48744B009F89D7 /* Release */,
			);
			defaultConfigurationIsVisible = 0;
			defaultConfigurationName = Release;
		};
		181FE0531D48744B009F89D7 /* Build configuration list for PBXNativeTarget "Racing00" */ = {
			isa = XCConfigurationList;
			buildConfigurations = (
				181FE0541D48744B009F89D7 /* Debug */,
				181FE0551D48744B009F89D7 /* Release */,
			);
			defaultConfigurationIsVisible = 0;
			defaultConfigurationName = Release;
		};
/* End XCConfigurationList section */
	};
	rootObject = 181FE0441D48744B009F89D7 /* Project object */;
}
