// !$*UTF8*$!
{
	archiveVersion = 1;
	classes = {
	};
	objectVersion = 46;
	objects = {

/* Begin PBXBuildFile section */
		1877F0B61D59286800E545E4 /* kpCalculator.m in Sources */ = {isa = PBXBuildFile; fileRef = 1877F0B51D59286800E545E4 /* kpCalculator.m */; };
		1877F0B91D59587C00E545E4 /* kpCalculator+Trig.m in Sources */ = {isa = PBXBuildFile; fileRef = 1877F0B81D59587C00E545E4 /* kpCalculator+Trig.m */; };
		20BB84ED1D24BBFF00F016D2 /* main.m in Sources */ = {isa = PBXBuildFile; fileRef = 20BB84EC1D24BBFF00F016D2 /* main.m */; };
/* End PBXBuildFile section */

/* Begin PBXCopyFilesBuildPhase section */
		20BB84E71D24BBFF00F016D2 /* CopyFiles */ = {
			isa = PBXCopyFilesBuildPhase;
			buildActionMask = 2147483647;
			dstPath = /usr/share/man/man1/;
			dstSubfolderSpec = 0;
			files = (
			);
			runOnlyForDeploymentPostprocessing = 1;
		};
/* End PBXCopyFilesBuildPhase section */

/* Begin PBXFileReference section */
		1877F0B41D59286800E545E4 /* kpCalculator.h */ = {isa = PBXFileReference; fileEncoding = 4; lastKnownFileType = sourcecode.c.h; path = kpCalculator.h; sourceTree = "<group>"; };
		1877F0B51D59286800E545E4 /* kpCalculator.m */ = {isa = PBXFileReference; fileEncoding = 4; lastKnownFileType = sourcecode.c.objc; path = kpCalculator.m; sourceTree = "<group>"; };
		1877F0B71D59587C00E545E4 /* kpCalculator+Trig.h */ = {isa = PBXFileReference; fileEncoding = 4; lastKnownFileType = sourcecode.c.h; path = "kpCalculator+Trig.h"; sourceTree = "<group>"; };
		1877F0B81D59587C00E545E4 /* kpCalculator+Trig.m */ = {isa = PBXFileReference; fileEncoding = 4; lastKnownFileType = sourcecode.c.objc; path = "kpCalculator+Trig.m"; sourceTree = "<group>"; };
		20BB84E91D24BBFF00F016D2 /* kpCalculaor01 */ = {isa = PBXFileReference; explicitFileType = "compiled.mach-o.executable"; includeInIndex = 0; path = kpCalculaor01; sourceTree = BUILT_PRODUCTS_DIR; };
		20BB84EC1D24BBFF00F016D2 /* main.m */ = {isa = PBXFileReference; lastKnownFileType = sourcecode.c.objc; path = main.m; sourceTree = "<group>"; };
/* End PBXFileReference section */

/* Begin PBXFrameworksBuildPhase section */
		20BB84E61D24BBFF00F016D2 /* Frameworks */ = {
			isa = PBXFrameworksBuildPhase;
			buildActionMask = 2147483647;
			files = (
			);
			runOnlyForDeploymentPostprocessing = 0;
		};
/* End PBXFrameworksBuildPhase section */

/* Begin PBXGroup section */
		1877F0AD1D59057700E545E4 /* categories */ = {
			isa = PBXGroup;
			children = (
				1877F0B71D59587C00E545E4 /* kpCalculator+Trig.h */,
				1877F0B81D59587C00E545E4 /* kpCalculator+Trig.m */,
			);
			name = categories;
			sourceTree = "<group>";
		};
		20BB84E01D24BBFF00F016D2 = {
			isa = PBXGroup;
			children = (
				20BB84EB1D24BBFF00F016D2 /* kpCalculaor01 */,
				20BB84EA1D24BBFF00F016D2 /* Products */,
			);
			sourceTree = "<group>";
		};
		20BB84EA1D24BBFF00F016D2 /* Products */ = {
			isa = PBXGroup;
			children = (
				20BB84E91D24BBFF00F016D2 /* kpCalculaor01 */,
			);
			name = Products;
			sourceTree = "<group>";
		};
		20BB84EB1D24BBFF00F016D2 /* kpCalculaor01 */ = {
			isa = PBXGroup;
			children = (
				20BB84EC1D24BBFF00F016D2 /* main.m */,
				1877F0B41D59286800E545E4 /* kpCalculator.h */,
				1877F0B51D59286800E545E4 /* kpCalculator.m */,
				1877F0AD1D59057700E545E4 /* categories */,
			);
			path = kpCalculaor01;
			sourceTree = "<group>";
		};
/* End PBXGroup section */

/* Begin PBXNativeTarget section */
		20BB84E81D24BBFF00F016D2 /* kpCalculaor01 */ = {
			isa = PBXNativeTarget;
			buildConfigurationList = 20BB84F01D24BBFF00F016D2 /* Build configuration list for PBXNativeTarget "kpCalculaor01" */;
			buildPhases = (
				20BB84E51D24BBFF00F016D2 /* Sources */,
				20BB84E61D24BBFF00F016D2 /* Frameworks */,
				20BB84E71D24BBFF00F016D2 /* CopyFiles */,
			);
			buildRules = (
			);
			dependencies = (
			);
			name = kpCalculaor01;
			productName = kpCalculaor01;
			productReference = 20BB84E91D24BBFF00F016D2 /* kpCalculaor01 */;
			productType = "com.apple.product-type.tool";
		};
/* End PBXNativeTarget section */

/* Begin PBXProject section */
		20BB84E11D24BBFF00F016D2 /* Project object */ = {
			isa = PBXProject;
			attributes = {
				LastUpgradeCheck = 0730;
				ORGANIZATIONNAME = StepwiseDesigns;
				TargetAttributes = {
					20BB84E81D24BBFF00F016D2 = {
						CreatedOnToolsVersion = 7.3;
					};
				};
			};
			buildConfigurationList = 20BB84E41D24BBFF00F016D2 /* Build configuration list for PBXProject "kpCalculaor01" */;
			compatibilityVersion = "Xcode 3.2";
			developmentRegion = English;
			hasScannedForEncodings = 0;
			knownRegions = (
				en,
			);
			mainGroup = 20BB84E01D24BBFF00F016D2;
			productRefGroup = 20BB84EA1D24BBFF00F016D2 /* Products */;
			projectDirPath = "";
			projectRoot = "";
			targets = (
				20BB84E81D24BBFF00F016D2 /* kpCalculaor01 */,
			);
		};
/* End PBXProject section */

/* Begin PBXSourcesBuildPhase section */
		20BB84E51D24BBFF00F016D2 /* Sources */ = {
			isa = PBXSourcesBuildPhase;
			buildActionMask = 2147483647;
			files = (
				1877F0B61D59286800E545E4 /* kpCalculator.m in Sources */,
				1877F0B91D59587C00E545E4 /* kpCalculator+Trig.m in Sources */,
				20BB84ED1D24BBFF00F016D2 /* main.m in Sources */,
			);
			runOnlyForDeploymentPostprocessing = 0;
		};
/* End PBXSourcesBuildPhase section */

/* Begin XCBuildConfiguration section */
		20BB84EE1D24BBFF00F016D2 /* Debug */ = {
			isa = XCBuildConfiguration;
			buildSettings = {
				ALWAYS_SEARCH_USER_PATHS = NO;
				CLANG_ANALYZER_NONNULL = YES;
				CLANG_CXX_LANGUAGE_STANDARD = "gnu++0x";
				CLANG_CXX_LIBRARY = "libc++";
				CLANG_ENABLE_MODULES = YES;
				CLANG_ENABLE_OBJC_ARC = YES;
				CLANG_WARN_BOOL_CONVERSION = YES;
				CLANG_WARN_CONSTANT_CONVERSION = YES;
				CLANG_WARN_DIRECT_OBJC_ISA_USAGE = YES_ERROR;
				CLANG_WARN_EMPTY_BODY = YES;
				CLANG_WARN_ENUM_CONVERSION = YES;
				CLANG_WARN_INT_CONVERSION = YES;
				CLANG_WARN_OBJC_ROOT_CLASS = YES_ERROR;
				CLANG_WARN_UNREACHABLE_CODE = YES;
				CLANG_WARN__DUPLICATE_METHOD_MATCH = YES;
				CODE_SIGN_IDENTITY = "-";
				COPY_PHASE_STRIP = NO;
				DEBUG_INFORMATION_FORMAT = dwarf;
				ENABLE_STRICT_OBJC_MSGSEND = YES;
				ENABLE_TESTABILITY = YES;
				GCC_C_LANGUAGE_STANDARD = gnu99;
				GCC_DYNAMIC_NO_PIC = NO;
				GCC_NO_COMMON_BLOCKS = YES;
				GCC_OPTIMIZATION_LEVEL = 0;
				GCC_PREPROCESSOR_DEFINITIONS = (
					"DEBUG=1",
					"$(inherited)",
				);
				GCC_WARN_64_TO_32_BIT_CONVERSION = YES;
				GCC_WARN_ABOUT_RETURN_TYPE = YES_ERROR;
				GCC_WARN_UNDECLARED_SELECTOR = YES;
				GCC_WARN_UNINITIALIZED_AUTOS = YES_AGGRESSIVE;
				GCC_WARN_UNUSED_FUNCTION = YES;
				GCC_WARN_UNUSED_VARIABLE = YES;
				MACOSX_DEPLOYMENT_TARGET = 10.11;
				MTL_ENABLE_DEBUG_INFO = YES;
				ONLY_ACTIVE_ARCH = YES;
				SDKROOT = macosx;
			};
			name = Debug;
		};
		20BB84EF1D24BBFF00F016D2 /* Release */ = {
			isa = XCBuildConfiguration;
			buildSettings = {
				ALWAYS_SEARCH_USER_PATHS = NO;
				CLANG_ANALYZER_NONNULL = YES;
				CLANG_CXX_LANGUAGE_STANDARD = "gnu++0x";
				CLANG_CXX_LIBRARY = "libc++";
				CLANG_ENABLE_MODULES = YES;
				CLANG_ENABLE_OBJC_ARC = YES;
				CLANG_WARN_BOOL_CONVERSION = YES;
				CLANG_WARN_CONSTANT_CONVERSION = YES;
				CLANG_WARN_DIRECT_OBJC_ISA_USAGE = YES_ERROR;
				CLANG_WARN_EMPTY_BODY = YES;
				CLANG_WARN_ENUM_CONVERSION = YES;
				CLANG_WARN_INT_CONVERSION = YES;
				CLANG_WARN_OBJC_ROOT_CLASS = YES_ERROR;
				CLANG_WARN_UNREACHABLE_CODE = YES;
				CLANG_WARN__DUPLICATE_METHOD_MATCH = YES;
				CODE_SIGN_IDENTITY = "-";
				COPY_PHASE_STRIP = NO;
				DEBUG_INFORMATION_FORMAT = "dwarf-with-dsym";
				ENABLE_NS_ASSERTIONS = NO;
				ENABLE_STRICT_OBJC_MSGSEND = YES;
				GCC_C_LANGUAGE_STANDARD = gnu99;
				GCC_NO_COMMON_BLOCKS = YES;
				GCC_WARN_64_TO_32_BIT_CONVERSION = YES;
				GCC_WARN_ABOUT_RETURN_TYPE = YES_ERROR;
				GCC_WARN_UNDECLARED_SELECTOR = YES;
				GCC_WARN_UNINITIALIZED_AUTOS = YES_AGGRESSIVE;
				GCC_WARN_UNUSED_FUNCTION = YES;
				GCC_WARN_UNUSED_VARIABLE = YES;
				MACOSX_DEPLOYMENT_TARGET = 10.11;
				MTL_ENABLE_DEBUG_INFO = NO;
				SDKROOT = macosx;
			};
			name = Release;
		};
		20BB84F11D24BBFF00F016D2 /* Debug */ = {
			isa = XCBuildConfiguration;
			buildSettings = {
				PRODUCT_NAME = "$(TARGET_NAME)";
			};
			name = Debug;
		};
		20BB84F21D24BBFF00F016D2 /* Release */ = {
			isa = XCBuildConfiguration;
			buildSettings = {
				PRODUCT_NAME = "$(TARGET_NAME)";
			};
			name = Release;
		};
/* End XCBuildConfiguration section */

/* Begin XCConfigurationList section */
		20BB84E41D24BBFF00F016D2 /* Build configuration list for PBXProject "kpCalculaor01" */ = {
			isa = XCConfigurationList;
			buildConfigurations = (
				20BB84EE1D24BBFF00F016D2 /* Debug */,
				20BB84EF1D24BBFF00F016D2 /* Release */,
			);
			defaultConfigurationIsVisible = 0;
			defaultConfigurationName = Release;
		};
		20BB84F01D24BBFF00F016D2 /* Build configuration list for PBXNativeTarget "kpCalculaor01" */ = {
			isa = XCConfigurationList;
			buildConfigurations = (
				20BB84F11D24BBFF00F016D2 /* Debug */,
				20BB84F21D24BBFF00F016D2 /* Release */,
			);
			defaultConfigurationIsVisible = 0;
			defaultConfigurationName = Release;
		};
/* End XCConfigurationList section */
	};
	rootObject = 20BB84E11D24BBFF00F016D2 /* Project object */;
}
